
Microsoft Visual Studio Solution File, Format Version 12.00
# Visual Studio Version 17
VisualStudioVersion = 17.9.34714.143
MinimumVisualStudioVersion = 10.0.40219.1
Project("{8BC9CEB8-8B4A-11D0-8D11-00A0C91BC942}") = "BigBank", "BigBank.vcxproj", "{0B17D941-116D-445D-BFD0-8CEFFEC33983}"
EndProject
Global
	GlobalSection(SolutionConfigurationPlatforms) = preSolution
		Debug|x64 = Debug|x64
		Debug|x86 = Debug|x86
		Release|x64 = Release|x64
		Release|x86 = Release|x86
	EndGlobalSection
	GlobalSection(ProjectConfigurationPlatforms) = postSolution
		{0B17D941-116D-445D-BFD0-8CEFFEC33983}.Debug|x64.ActiveCfg = Debug|x64
		{0B17D941-116D-445D-BFD0-8CEFFEC33983}.Debug|x64.Build.0 = Debug|x64
		{0B17D941-116D-445D-BFD0-8CEFFEC33983}.Debug|x86.ActiveCfg = Debug|Win32
		{0B17D941-116D-445D-BFD0-8CEFFEC33983}.Debug|x86.Build.0 = Debug|Win32
		{0B17D941-116D-445D-BFD0-8CEFFEC33983}.Release|x64.ActiveCfg = Release|x64
		{0B17D941-116D-445D-BFD0-8CEFFEC33983}.Release|x64.Build.0 = Release|x64
		{0B17D941-116D-445D-BFD0-8CEFFEC33983}.Release|x86.ActiveCfg = Release|Win32
		{0B17D941-116D-445D-BFD0-8CEFFEC33983}.Release|x86.Build.0 = Release|Win32
	EndGlobalSection
	GlobalSection(SolutionProperties) = preSolution
		HideSolutionNode = FALSE
	EndGlobalSection
	GlobalSection(ExtensibilityGlobals) = postSolution
		SolutionGuid = {1CFD6D57-6542-4C83-BC3F-F283AE45EBE3}
	EndGlobalSection
EndGlobal
