
Microsoft Visual Studio Solution File, Format Version 12.00
# Visual Studio Version 17
VisualStudioVersion = 17.9.34622.214
MinimumVisualStudioVersion = 10.0.40219.1
Project("{8BC9CEB8-8B4A-11D0-8D11-00A0C91BC942}") = "Persoane", "Persoane\Persoane.vcxproj", "{BA48DB67-2C63-44E2-BFCF-F38A9DD71F51}"
EndProject
Global
	GlobalSection(SolutionConfigurationPlatforms) = preSolution
		Debug|x64 = Debug|x64
		Debug|x86 = Debug|x86
		Release|x64 = Release|x64
		Release|x86 = Release|x86
	EndGlobalSection
	GlobalSection(ProjectConfigurationPlatforms) = postSolution
		{BA48DB67-2C63-44E2-BFCF-F38A9DD71F51}.Debug|x64.ActiveCfg = Debug|x64
		{BA48DB67-2C63-44E2-BFCF-F38A9DD71F51}.Debug|x64.Build.0 = Debug|x64
		{BA48DB67-2C63-44E2-BFCF-F38A9DD71F51}.Debug|x86.ActiveCfg = Debug|Win32
		{BA48DB67-2C63-44E2-BFCF-F38A9DD71F51}.Debug|x86.Build.0 = Debug|Win32
		{BA48DB67-2C63-44E2-BFCF-F38A9DD71F51}.Release|x64.ActiveCfg = Release|x64
		{BA48DB67-2C63-44E2-BFCF-F38A9DD71F51}.Release|x64.Build.0 = Release|x64
		{BA48DB67-2C63-44E2-BFCF-F38A9DD71F51}.Release|x86.ActiveCfg = Release|Win32
		{BA48DB67-2C63-44E2-BFCF-F38A9DD71F51}.Release|x86.Build.0 = Release|Win32
	EndGlobalSection
	GlobalSection(SolutionProperties) = preSolution
		HideSolutionNode = FALSE
	EndGlobalSection
	GlobalSection(ExtensibilityGlobals) = postSolution
		SolutionGuid = {ECB19939-2F5B-4142-94E6-3405367A2E95}
	EndGlobalSection
EndGlobal
